schema: '2.0'
stages:
  download:
    cmd: python -m src.data.download_raw_dataset
    deps:
    - path: src/data/download_raw_dataset.py
      hash: md5
      md5: a78d78a8c7d2dbd071481b9fe24d77c7
      size: 747
    outs:
    - path: data/raw/raw_emotions.parquet
      hash: md5
      md5: 5ca588a5d3438f1a48f86a045f3d11b8
      size: 7410569
  preprocess:
    cmd: python -m src.data.preprocess
    deps:
    - path: data/raw/raw_emotions.parquet
      hash: md5
      md5: 5ca588a5d3438f1a48f86a045f3d11b8
      size: 7410569
    - path: src/data/download_raw_dataset.py
      hash: md5
      md5: a78d78a8c7d2dbd071481b9fe24d77c7
      size: 747
    outs:
    - path: data/interim/emotions_cleaned.parquet
      hash: md5
      md5: 22b2a77851cb193d97d46bf0c3301534
      size: 8197218
  split:
    cmd: python -m src.data.split_data
    deps:
    - path: data/interim/emotions_cleaned.parquet
      hash: md5
      md5: 22b2a77851cb193d97d46bf0c3301534
      size: 8197218
    - path: src/data/split_data.py
      hash: md5
      md5: a9b86420f59ddf267aa3a06d1d759fa3
      size: 2242
    outs:
    - path: data/processed/test.parquet
      hash: md5
      md5: 4513090b841a7e6e524986e1a36d5b82
      size: 840390
    - path: data/processed/train.parquet
      hash: md5
      md5: e062eea6bfb8a30504e2a0c323e27ac5
      size: 5806796
    - path: data/processed/validation.parquet
      hash: md5
      md5: 58467f28aeeb773abd66d6453dd976a9
      size: 1659762
  train:
    cmd: python -m src.modeling.train
    deps:
    - path: data/processed/test.parquet
      hash: md5
      md5: 4513090b841a7e6e524986e1a36d5b82
      size: 840390
    - path: data/processed/train.parquet
      hash: md5
      md5: e062eea6bfb8a30504e2a0c323e27ac5
      size: 5806796
    - path: data/processed/validation.parquet
      hash: md5
      md5: 58467f28aeeb773abd66d6453dd976a9
      size: 1659762
    - path: src/modeling/train.py
      hash: md5
      md5: 5d67a4c79363f4d77248210a4ec589fb
      size: 15588
